
Microsoft Visual Studio Solution File, Format Version 12.00
# Visual Studio 15
VisualStudioVersion = 15.0.27130.2036
MinimumVisualStudioVersion = 10.0.40219.1
Project("{FAE04EC0-301F-11D3-BF4B-00C04F79EFBC}") = "Monitor_test", "Monitor_test\Monitor_test.csproj", "{08224E31-C208-437E-BF4F-9E452725AFA3}"
EndProject
Global
	GlobalSection(SolutionConfigurationPlatforms) = preSolution
		Debug|Any CPU = Debug|Any CPU
		Release|Any CPU = Release|Any CPU
	EndGlobalSection
	GlobalSection(ProjectConfigurationPlatforms) = postSolution
		{08224E31-C208-437E-BF4F-9E452725AFA3}.Debug|Any CPU.ActiveCfg = Debug|Any CPU
		{08224E31-C208-437E-BF4F-9E452725AFA3}.Debug|Any CPU.Build.0 = Debug|Any CPU
		{08224E31-C208-437E-BF4F-9E452725AFA3}.Release|Any CPU.ActiveCfg = Release|Any CPU
		{08224E31-C208-437E-BF4F-9E452725AFA3}.Release|Any CPU.Build.0 = Release|Any CPU
	EndGlobalSection
	GlobalSection(SolutionProperties) = preSolution
		HideSolutionNode = FALSE
	EndGlobalSection
	GlobalSection(ExtensibilityGlobals) = postSolution
		SolutionGuid = {A2BE1B14-D3B3-4787-94D5-6EE0D2F1C302}
	EndGlobalSection
EndGlobal
